
Microsoft Visual Studio Solution File, Format Version 12.00
# Visual Studio Version 16
VisualStudioVersion = 16.0.29503.13
MinimumVisualStudioVersion = 10.0.40219.1
Project("{FAE04EC0-301F-11D3-BF4B-00C04F79EFBC}") = "文件移动", "文件移动\文件移动.csproj", "{90768EB4-2F23-41E8-A121-6CC02A1A6C51}"
EndProject
Global
	GlobalSection(SolutionConfigurationPlatforms) = preSolution
		Debug|Any CPU = Debug|Any CPU
		Release|Any CPU = Release|Any CPU
	EndGlobalSection
	GlobalSection(ProjectConfigurationPlatforms) = postSolution
		{90768EB4-2F23-41E8-A121-6CC02A1A6C51}.Debug|Any CPU.ActiveCfg = Debug|Any CPU
		{90768EB4-2F23-41E8-A121-6CC02A1A6C51}.Debug|Any CPU.Build.0 = Debug|Any CPU
		{90768EB4-2F23-41E8-A121-6CC02A1A6C51}.Release|Any CPU.ActiveCfg = Release|Any CPU
		{90768EB4-2F23-41E8-A121-6CC02A1A6C51}.Release|Any CPU.Build.0 = Release|Any CPU
	EndGlobalSection
	GlobalSection(SolutionProperties) = preSolution
		HideSolutionNode = FALSE
	EndGlobalSection
	GlobalSection(ExtensibilityGlobals) = postSolution
		SolutionGuid = {51641A1A-1D17-4AE5-938C-C4AEC991145E}
	EndGlobalSection
EndGlobal
